
Microsoft Visual Studio Solution File, Format Version 12.00
# Visual Studio Version 16
VisualStudioVersion = 16.0.30717.126
MinimumVisualStudioVersion = 10.0.40219.1
Project("{8BC9CEB8-8B4A-11D0-8D11-00A0C91BC942}") = "Project600", "Project600.vcxproj", "{6CA6E224-B94A-4D51-A7D9-B87BACE4EBAE}"
EndProject
Global
	GlobalSection(SolutionConfigurationPlatforms) = preSolution
		Debug|x64 = Debug|x64
		Debug|x86 = Debug|x86
		Release|x64 = Release|x64
		Release|x86 = Release|x86
	EndGlobalSection
	GlobalSection(ProjectConfigurationPlatforms) = postSolution
		{6CA6E224-B94A-4D51-A7D9-B87BACE4EBAE}.Debug|x64.ActiveCfg = Debug|x64
		{6CA6E224-B94A-4D51-A7D9-B87BACE4EBAE}.Debug|x64.Build.0 = Debug|x64
		{6CA6E224-B94A-4D51-A7D9-B87BACE4EBAE}.Debug|x86.ActiveCfg = Debug|Win32
		{6CA6E224-B94A-4D51-A7D9-B87BACE4EBAE}.Debug|x86.Build.0 = Debug|Win32
		{6CA6E224-B94A-4D51-A7D9-B87BACE4EBAE}.Release|x64.ActiveCfg = Release|x64
		{6CA6E224-B94A-4D51-A7D9-B87BACE4EBAE}.Release|x64.Build.0 = Release|x64
		{6CA6E224-B94A-4D51-A7D9-B87BACE4EBAE}.Release|x86.ActiveCfg = Release|Win32
		{6CA6E224-B94A-4D51-A7D9-B87BACE4EBAE}.Release|x86.Build.0 = Release|Win32
	EndGlobalSection
	GlobalSection(SolutionProperties) = preSolution
		HideSolutionNode = FALSE
	EndGlobalSection
	GlobalSection(ExtensibilityGlobals) = postSolution
		SolutionGuid = {542ACA9D-CC2F-4978-9A12-465F050EB9B8}
	EndGlobalSection
EndGlobal
